// !$*UTF8*$!
{
	archiveVersion = 1;
	classes = {
	};
	objectVersion = 56;
	objects = {

/* Begin PBXBuildFile section */
		8300A0032978C3CF003D2F2B /* OnboardingView.swift in Sources */ = {isa = PBXBuildFile; fileRef = 8300A0022978C3CF003D2F2B /* OnboardingView.swift */; };
		8300A0052978F6E0003D2F2B /* DeliveryAddressView.swift in Sources */ = {isa = PBXBuildFile; fileRef = 8300A0042978F6E0003D2F2B /* DeliveryAddressView.swift */; };
		8300A00B2979C258003D2F2B /* CustomTextView.swift in Sources */ = {isa = PBXBuildFile; fileRef = 8300A00A2979C258003D2F2B /* CustomTextView.swift */; };
		8300A00D297ADEB3003D2F2B /* SearchingView.swift in Sources */ = {isa = PBXBuildFile; fileRef = 8300A00C297ADEB3003D2F2B /* SearchingView.swift */; };
		8300A012297B352C003D2F2B /* FavoritesView.swift in Sources */ = {isa = PBXBuildFile; fileRef = 8300A011297B352C003D2F2B /* FavoritesView.swift */; };
		83366E9629E83BFE00BDA00B /* AppStateManager.swift in Sources */ = {isa = PBXBuildFile; fileRef = 83366E9529E83BFE00BDA00B /* AppStateManager.swift */; };
		83366E9829E84B4A00BDA00B /* MakePasswordView.swift in Sources */ = {isa = PBXBuildFile; fileRef = 83366E9729E84B4A00BDA00B /* MakePasswordView.swift */; };
		8344AAB8298C1A770067EE98 /* SaleType.swift in Sources */ = {isa = PBXBuildFile; fileRef = 8344AAB7298C1A770067EE98 /* SaleType.swift */; };
		8344AABA298C301A0067EE98 /* CapsuleGridView.swift in Sources */ = {isa = PBXBuildFile; fileRef = 8344AAB9298C301A0067EE98 /* CapsuleGridView.swift */; };
		836100B529E8E0F70030F660 /* FirebaseAnalytics in Frameworks */ = {isa = PBXBuildFile; productRef = 836100B429E8E0F70030F660 /* FirebaseAnalytics */; };
		836100B729E8E0F70030F660 /* FirebaseAnalyticsSwift in Frameworks */ = {isa = PBXBuildFile; productRef = 836100B629E8E0F70030F660 /* FirebaseAnalyticsSwift */; };
		836100B929E8E0F70030F660 /* FirebaseAuth in Frameworks */ = {isa = PBXBuildFile; productRef = 836100B829E8E0F70030F660 /* FirebaseAuth */; };
		836100BB29E986E80030F660 /* CurveLine.swift in Sources */ = {isa = PBXBuildFile; fileRef = 836100BA29E986E80030F660 /* CurveLine.swift */; };
		836100BD29E99D740030F660 /* AuthenticationManager.swift in Sources */ = {isa = PBXBuildFile; fileRef = 836100BC29E99D740030F660 /* AuthenticationManager.swift */; };
		8373F30E29762E6800CE97B8 /* MercariCloneApp.swift in Sources */ = {isa = PBXBuildFile; fileRef = 8373F30D29762E6800CE97B8 /* MercariCloneApp.swift */; };
		8373F31029762E6800CE97B8 /* ContentView.swift in Sources */ = {isa = PBXBuildFile; fileRef = 8373F30F29762E6800CE97B8 /* ContentView.swift */; };
		8373F31229762E6A00CE97B8 /* Assets.xcassets in Resources */ = {isa = PBXBuildFile; fileRef = 8373F31129762E6A00CE97B8 /* Assets.xcassets */; };
		8373F31529762E6A00CE97B8 /* Preview Assets.xcassets in Resources */ = {isa = PBXBuildFile; fileRef = 8373F31429762E6A00CE97B8 /* Preview Assets.xcassets */; };
		8373F31C29762EA400CE97B8 /* HomeView.swift in Sources */ = {isa = PBXBuildFile; fileRef = 8373F31B29762EA400CE97B8 /* HomeView.swift */; };
		83A21DF42980B4A7005988BD /* ForYouShopLocalTabsView.swift in Sources */ = {isa = PBXBuildFile; fileRef = 83A21DF32980B4A7005988BD /* ForYouShopLocalTabsView.swift */; };
		83A21DF92980BBA1005988BD /* Utilities.swift in Sources */ = {isa = PBXBuildFile; fileRef = 83A21DF82980BBA1005988BD /* Utilities.swift */; };
		83A21DFB2981B2F1005988BD /* SellView.swift in Sources */ = {isa = PBXBuildFile; fileRef = 83A21DFA2981B2F1005988BD /* SellView.swift */; };
		83A21DFD2981B2F9005988BD /* InboxView.swift in Sources */ = {isa = PBXBuildFile; fileRef = 83A21DFC2981B2F9005988BD /* InboxView.swift */; };
		83A21DFF2981B302005988BD /* ProfileView.swift in Sources */ = {isa = PBXBuildFile; fileRef = 83A21DFE2981B302005988BD /* ProfileView.swift */; };
		83A21E012982DBA8005988BD /* EmailSMSSignUpView.swift in Sources */ = {isa = PBXBuildFile; fileRef = 83A21E002982DBA8005988BD /* EmailSMSSignUpView.swift */; };
		83A21E0329830EC9005988BD /* CustomNavBackButton.swift in Sources */ = {isa = PBXBuildFile; fileRef = 83A21E0229830EC9005988BD /* CustomNavBackButton.swift */; };
		83A21E08298454EF005988BD /* RecommenedViewModel.swift in Sources */ = {isa = PBXBuildFile; fileRef = 83A21E07298454EF005988BD /* RecommenedViewModel.swift */; };
		83A21E0B29845532005988BD /* RecommendedItemsModel.swift in Sources */ = {isa = PBXBuildFile; fileRef = 83A21E0A29845532005988BD /* RecommendedItemsModel.swift */; };
		83A21E0E29845575005988BD /* LimitedTimeItemsModel.swift in Sources */ = {isa = PBXBuildFile; fileRef = 83A21E0D29845575005988BD /* LimitedTimeItemsModel.swift */; };
		83CC581029F397D10038DA36 /* SignInEmailViewModel.swift in Sources */ = {isa = PBXBuildFile; fileRef = 83CC580F29F397D10038DA36 /* SignInEmailViewModel.swift */; };
		83DD90E129FEBE1E00490586 /* SearchBar.swift in Sources */ = {isa = PBXBuildFile; fileRef = 83DD90E029FEBE1E00490586 /* SearchBar.swift */; };
		83DD90E52A00ADD900490586 /* ButtonStyles.swift in Sources */ = {isa = PBXBuildFile; fileRef = 83DD90E42A00ADD900490586 /* ButtonStyles.swift */; };
		83DED4D9297DC31D002A4827 /* CartView.swift in Sources */ = {isa = PBXBuildFile; fileRef = 83DED4D8297DC31D002A4827 /* CartView.swift */; };
		83DED4DD297F2F4C002A4827 /* ForYouView.swift in Sources */ = {isa = PBXBuildFile; fileRef = 83DED4DC297F2F4C002A4827 /* ForYouView.swift */; };
		83DED4DF297F308B002A4827 /* ShopLocalView.swift in Sources */ = {isa = PBXBuildFile; fileRef = 83DED4DE297F308B002A4827 /* ShopLocalView.swift */; };
		83E864F629F52F1F00335FF8 /* ProfileNavigations.swift in Sources */ = {isa = PBXBuildFile; fileRef = 83E864F529F52F1F00335FF8 /* ProfileNavigations.swift */; };
		83E864F829F52F9900335FF8 /* SellerBadgeItems.swift in Sources */ = {isa = PBXBuildFile; fileRef = 83E864F729F52F9900335FF8 /* SellerBadgeItems.swift */; };
		83E864FA29F5303500335FF8 /* SettingsView.swift in Sources */ = {isa = PBXBuildFile; fileRef = 83E864F929F5303500335FF8 /* SettingsView.swift */; };
		83E864FE29F62A6D00335FF8 /* SignInAppleHelper.swift in Sources */ = {isa = PBXBuildFile; fileRef = 83E864FC29F62A6D00335FF8 /* SignInAppleHelper.swift */; };
		83E864FF29F62A6D00335FF8 /* SignInGoogleHelper.swift in Sources */ = {isa = PBXBuildFile; fileRef = 83E864FD29F62A6D00335FF8 /* SignInGoogleHelper.swift */; };
		83E8650129F62AD900335FF8 /* AuthenticationViewModel.swift in Sources */ = {isa = PBXBuildFile; fileRef = 83E8650029F62AD900335FF8 /* AuthenticationViewModel.swift */; };
		83E8650429F6358300335FF8 /* GoogleSignIn in Frameworks */ = {isa = PBXBuildFile; productRef = 83E8650329F6358300335FF8 /* GoogleSignIn */; };
		83E8650629F6358300335FF8 /* GoogleSignInSwift in Frameworks */ = {isa = PBXBuildFile; productRef = 83E8650529F6358300335FF8 /* GoogleSignInSwift */; };
		83E8650C29F63FD400335FF8 /* GoogleService-Info.plist in Resources */ = {isa = PBXBuildFile; fileRef = 83E8650B29F63FD400335FF8 /* GoogleService-Info.plist */; };
		83E8651429F8C41600335FF8 /* HowMercariWorksCards.swift in Sources */ = {isa = PBXBuildFile; fileRef = 83E8651329F8C41600335FF8 /* HowMercariWorksCards.swift */; };
		83E8651829F925FD00335FF8 /* HowMercariWorksCardsModel.swift in Sources */ = {isa = PBXBuildFile; fileRef = 83E8651729F925FD00335FF8 /* HowMercariWorksCardsModel.swift */; };
		83E8651A29F9549E00335FF8 /* EarningMoneyIsEasyView.swift in Sources */ = {isa = PBXBuildFile; fileRef = 83E8651929F9549E00335FF8 /* EarningMoneyIsEasyView.swift */; };
		83EB11F02A01E41B00D0F32E /* CustomTabViewContent.swift in Sources */ = {isa = PBXBuildFile; fileRef = 83EB11EF2A01E41B00D0F32E /* CustomTabViewContent.swift */; };
		83EB11F22A0216C000D0F32E /* CustomTabViews.swift in Sources */ = {isa = PBXBuildFile; fileRef = 83EB11F12A0216C000D0F32E /* CustomTabViews.swift */; };
/* End PBXBuildFile section */

/* Begin PBXFileReference section */
		8300A0022978C3CF003D2F2B /* OnboardingView.swift */ = {isa = PBXFileReference; lastKnownFileType = sourcecode.swift; path = OnboardingView.swift; sourceTree = "<group>"; };
		8300A0042978F6E0003D2F2B /* DeliveryAddressView.swift */ = {isa = PBXFileReference; lastKnownFileType = sourcecode.swift; path = DeliveryAddressView.swift; sourceTree = "<group>"; };
		8300A00A2979C258003D2F2B /* CustomTextView.swift */ = {isa = PBXFileReference; lastKnownFileType = sourcecode.swift; path = CustomTextView.swift; sourceTree = "<group>"; };
		8300A00C297ADEB3003D2F2B /* SearchingView.swift */ = {isa = PBXFileReference; lastKnownFileType = sourcecode.swift; path = SearchingView.swift; sourceTree = "<group>"; };
		8300A011297B352C003D2F2B /* FavoritesView.swift */ = {isa = PBXFileReference; lastKnownFileType = sourcecode.swift; path = FavoritesView.swift; sourceTree = "<group>"; };
		83366E9529E83BFE00BDA00B /* AppStateManager.swift */ = {isa = PBXFileReference; lastKnownFileType = sourcecode.swift; path = AppStateManager.swift; sourceTree = "<group>"; };
		83366E9729E84B4A00BDA00B /* MakePasswordView.swift */ = {isa = PBXFileReference; lastKnownFileType = sourcecode.swift; path = MakePasswordView.swift; sourceTree = "<group>"; };
		8344AAB7298C1A770067EE98 /* SaleType.swift */ = {isa = PBXFileReference; lastKnownFileType = sourcecode.swift; path = SaleType.swift; sourceTree = "<group>"; };
		8344AAB9298C301A0067EE98 /* CapsuleGridView.swift */ = {isa = PBXFileReference; lastKnownFileType = sourcecode.swift; path = CapsuleGridView.swift; sourceTree = "<group>"; };
		836100BA29E986E80030F660 /* CurveLine.swift */ = {isa = PBXFileReference; lastKnownFileType = sourcecode.swift; path = CurveLine.swift; sourceTree = "<group>"; };
		836100BC29E99D740030F660 /* AuthenticationManager.swift */ = {isa = PBXFileReference; fileEncoding = 4; lastKnownFileType = sourcecode.swift; path = AuthenticationManager.swift; sourceTree = "<group>"; };
		8373F30A29762E6800CE97B8 /* MercariClone.app */ = {isa = PBXFileReference; explicitFileType = wrapper.application; includeInIndex = 0; path = MercariClone.app; sourceTree = BUILT_PRODUCTS_DIR; };
		8373F30D29762E6800CE97B8 /* MercariCloneApp.swift */ = {isa = PBXFileReference; lastKnownFileType = sourcecode.swift; path = MercariCloneApp.swift; sourceTree = "<group>"; };
		8373F30F29762E6800CE97B8 /* ContentView.swift */ = {isa = PBXFileReference; lastKnownFileType = sourcecode.swift; path = ContentView.swift; sourceTree = "<group>"; };
		8373F31129762E6A00CE97B8 /* Assets.xcassets */ = {isa = PBXFileReference; lastKnownFileType = folder.assetcatalog; path = Assets.xcassets; sourceTree = "<group>"; };
		8373F31429762E6A00CE97B8 /* Preview Assets.xcassets */ = {isa = PBXFileReference; lastKnownFileType = folder.assetcatalog; path = "Preview Assets.xcassets"; sourceTree = "<group>"; };
		8373F31B29762EA400CE97B8 /* HomeView.swift */ = {isa = PBXFileReference; lastKnownFileType = sourcecode.swift; path = HomeView.swift; sourceTree = "<group>"; };
		83A21DF32980B4A7005988BD /* ForYouShopLocalTabsView.swift */ = {isa = PBXFileReference; lastKnownFileType = sourcecode.swift; path = ForYouShopLocalTabsView.swift; sourceTree = "<group>"; };
		83A21DF82980BBA1005988BD /* Utilities.swift */ = {isa = PBXFileReference; lastKnownFileType = sourcecode.swift; path = Utilities.swift; sourceTree = "<group>"; };
		83A21DFA2981B2F1005988BD /* SellView.swift */ = {isa = PBXFileReference; lastKnownFileType = sourcecode.swift; path = SellView.swift; sourceTree = "<group>"; };
		83A21DFC2981B2F9005988BD /* InboxView.swift */ = {isa = PBXFileReference; lastKnownFileType = sourcecode.swift; path = InboxView.swift; sourceTree = "<group>"; };
		83A21DFE2981B302005988BD /* ProfileView.swift */ = {isa = PBXFileReference; lastKnownFileType = sourcecode.swift; path = ProfileView.swift; sourceTree = "<group>"; };
		83A21E002982DBA8005988BD /* EmailSMSSignUpView.swift */ = {isa = PBXFileReference; lastKnownFileType = sourcecode.swift; path = EmailSMSSignUpView.swift; sourceTree = "<group>"; };
		83A21E0229830EC9005988BD /* CustomNavBackButton.swift */ = {isa = PBXFileReference; lastKnownFileType = sourcecode.swift; path = CustomNavBackButton.swift; sourceTree = "<group>"; };
		83A21E07298454EF005988BD /* RecommenedViewModel.swift */ = {isa = PBXFileReference; lastKnownFileType = sourcecode.swift; path = RecommenedViewModel.swift; sourceTree = "<group>"; };
		83A21E0A29845532005988BD /* RecommendedItemsModel.swift */ = {isa = PBXFileReference; lastKnownFileType = sourcecode.swift; path = RecommendedItemsModel.swift; sourceTree = "<group>"; };
		83A21E0D29845575005988BD /* LimitedTimeItemsModel.swift */ = {isa = PBXFileReference; lastKnownFileType = sourcecode.swift; path = LimitedTimeItemsModel.swift; sourceTree = "<group>"; };
		83CC580F29F397D10038DA36 /* SignInEmailViewModel.swift */ = {isa = PBXFileReference; lastKnownFileType = sourcecode.swift; path = SignInEmailViewModel.swift; sourceTree = "<group>"; };
		83DD90E029FEBE1E00490586 /* SearchBar.swift */ = {isa = PBXFileReference; lastKnownFileType = sourcecode.swift; path = SearchBar.swift; sourceTree = "<group>"; };
		83DD90E42A00ADD900490586 /* ButtonStyles.swift */ = {isa = PBXFileReference; lastKnownFileType = sourcecode.swift; path = ButtonStyles.swift; sourceTree = "<group>"; };
		83DED4D8297DC31D002A4827 /* CartView.swift */ = {isa = PBXFileReference; lastKnownFileType = sourcecode.swift; path = CartView.swift; sourceTree = "<group>"; };
		83DED4DC297F2F4C002A4827 /* ForYouView.swift */ = {isa = PBXFileReference; lastKnownFileType = sourcecode.swift; path = ForYouView.swift; sourceTree = "<group>"; };
		83DED4DE297F308B002A4827 /* ShopLocalView.swift */ = {isa = PBXFileReference; lastKnownFileType = sourcecode.swift; path = ShopLocalView.swift; sourceTree = "<group>"; };
		83E864F529F52F1F00335FF8 /* ProfileNavigations.swift */ = {isa = PBXFileReference; lastKnownFileType = sourcecode.swift; path = ProfileNavigations.swift; sourceTree = "<group>"; };
		83E864F729F52F9900335FF8 /* SellerBadgeItems.swift */ = {isa = PBXFileReference; lastKnownFileType = sourcecode.swift; path = SellerBadgeItems.swift; sourceTree = "<group>"; };
		83E864F929F5303500335FF8 /* SettingsView.swift */ = {isa = PBXFileReference; lastKnownFileType = sourcecode.swift; path = SettingsView.swift; sourceTree = "<group>"; };
		83E864FC29F62A6D00335FF8 /* SignInAppleHelper.swift */ = {isa = PBXFileReference; fileEncoding = 4; lastKnownFileType = sourcecode.swift; path = SignInAppleHelper.swift; sourceTree = "<group>"; };
		83E864FD29F62A6D00335FF8 /* SignInGoogleHelper.swift */ = {isa = PBXFileReference; fileEncoding = 4; lastKnownFileType = sourcecode.swift; path = SignInGoogleHelper.swift; sourceTree = "<group>"; };
		83E8650029F62AD900335FF8 /* AuthenticationViewModel.swift */ = {isa = PBXFileReference; fileEncoding = 4; lastKnownFileType = sourcecode.swift; path = AuthenticationViewModel.swift; sourceTree = "<group>"; };
		83E8650A29F63A7B00335FF8 /* Info.plist */ = {isa = PBXFileReference; lastKnownFileType = text.plist; path = Info.plist; sourceTree = "<group>"; };
		83E8650B29F63FD400335FF8 /* GoogleService-Info.plist */ = {isa = PBXFileReference; fileEncoding = 4; lastKnownFileType = text.plist.xml; path = "GoogleService-Info.plist"; sourceTree = "<group>"; };
		83E8651029F6DBAF00335FF8 /* MercariClone.entitlements */ = {isa = PBXFileReference; lastKnownFileType = text.plist.entitlements; path = MercariClone.entitlements; sourceTree = "<group>"; };
		83E8651329F8C41600335FF8 /* HowMercariWorksCards.swift */ = {isa = PBXFileReference; lastKnownFileType = sourcecode.swift; path = HowMercariWorksCards.swift; sourceTree = "<group>"; };
		83E8651729F925FD00335FF8 /* HowMercariWorksCardsModel.swift */ = {isa = PBXFileReference; lastKnownFileType = sourcecode.swift; path = HowMercariWorksCardsModel.swift; sourceTree = "<group>"; };
		83E8651929F9549E00335FF8 /* EarningMoneyIsEasyView.swift */ = {isa = PBXFileReference; lastKnownFileType = sourcecode.swift; path = EarningMoneyIsEasyView.swift; sourceTree = "<group>"; };
		83EB11EF2A01E41B00D0F32E /* CustomTabViewContent.swift */ = {isa = PBXFileReference; lastKnownFileType = sourcecode.swift; path = CustomTabViewContent.swift; sourceTree = "<group>"; };
		83EB11F12A0216C000D0F32E /* CustomTabViews.swift */ = {isa = PBXFileReference; lastKnownFileType = sourcecode.swift; path = CustomTabViews.swift; sourceTree = "<group>"; };
/* End PBXFileReference section */

/* Begin PBXFrameworksBuildPhase section */
		8373F30729762E6800CE97B8 /* Frameworks */ = {
			isa = PBXFrameworksBuildPhase;
			buildActionMask = 2147483647;
			files = (
				83E8650629F6358300335FF8 /* GoogleSignInSwift in Frameworks */,
				836100B729E8E0F70030F660 /* FirebaseAnalyticsSwift in Frameworks */,
				83E8650429F6358300335FF8 /* GoogleSignIn in Frameworks */,
				836100B929E8E0F70030F660 /* FirebaseAuth in Frameworks */,
				836100B529E8E0F70030F660 /* FirebaseAnalytics in Frameworks */,
			);
			runOnlyForDeploymentPostprocessing = 0;
		};
/* End PBXFrameworksBuildPhase section */

/* Begin PBXGroup section */
		8300A00E297B3359003D2F2B /* Views */ = {
			isa = PBXGroup;
			children = (
				8300A00F297B33E3003D2F2B /* Screens */,
				8300A010297B33F9003D2F2B /* Subviews */,
			);
			path = Views;
			sourceTree = "<group>";
		};
		8300A00F297B33E3003D2F2B /* Screens */ = {
			isa = PBXGroup;
			children = (
				8373F30D29762E6800CE97B8 /* MercariCloneApp.swift */,
				8373F30F29762E6800CE97B8 /* ContentView.swift */,
				83A21DF52980BA82005988BD /* Home Screen */,
				83E8650D29F67B4200335FF8 /* Favorites Screen */,
				83E8650E29F67B5800335FF8 /* Sell Screen */,
				83E8650F29F67B6400335FF8 /* Inbox Screen */,
				83E864F429F52ED300335FF8 /* Profile Screen */,
				83A21E0429830F28005988BD /* Onboarding Screen */,
			);
			path = Screens;
			sourceTree = "<group>";
		};
		8300A010297B33F9003D2F2B /* Subviews */ = {
			isa = PBXGroup;
			children = (
				8300A00A2979C258003D2F2B /* CustomTextView.swift */,
				83A21E0229830EC9005988BD /* CustomNavBackButton.swift */,
				8344AAB7298C1A770067EE98 /* SaleType.swift */,
				83DD90E029FEBE1E00490586 /* SearchBar.swift */,
				8300A00C297ADEB3003D2F2B /* SearchingView.swift */,
				83DD90E42A00ADD900490586 /* ButtonStyles.swift */,
				83EB11F12A0216C000D0F32E /* CustomTabViews.swift */,
				83EB11EF2A01E41B00D0F32E /* CustomTabViewContent.swift */,
			);
			path = Subviews;
			sourceTree = "<group>";
		};
		8373F30129762E6800CE97B8 = {
			isa = PBXGroup;
			children = (
				8373F30C29762E6800CE97B8 /* MercariClone */,
				8373F30B29762E6800CE97B8 /* Products */,
			);
			sourceTree = "<group>";
		};
		8373F30B29762E6800CE97B8 /* Products */ = {
			isa = PBXGroup;
			children = (
				8373F30A29762E6800CE97B8 /* MercariClone.app */,
			);
			name = Products;
			sourceTree = "<group>";
		};
		8373F30C29762E6800CE97B8 /* MercariClone */ = {
			isa = PBXGroup;
			children = (
				83E8651029F6DBAF00335FF8 /* MercariClone.entitlements */,
				83E8650B29F63FD400335FF8 /* GoogleService-Info.plist */,
				83E8650A29F63A7B00335FF8 /* Info.plist */,
				83A21E0C29845540005988BD /* Models */,
				8300A00E297B3359003D2F2B /* Views */,
				83A21E0929845509005988BD /* Viewmodels */,
				83A21DF82980BBA1005988BD /* Utilities.swift */,
				8373F31129762E6A00CE97B8 /* Assets.xcassets */,
				8373F31329762E6A00CE97B8 /* Preview Content */,
			);
			path = MercariClone;
			sourceTree = "<group>";
		};
		8373F31329762E6A00CE97B8 /* Preview Content */ = {
			isa = PBXGroup;
			children = (
				8373F31429762E6A00CE97B8 /* Preview Assets.xcassets */,
			);
			path = "Preview Content";
			sourceTree = "<group>";
		};
		83A21DF52980BA82005988BD /* Home Screen */ = {
			isa = PBXGroup;
			children = (
				8373F31B29762EA400CE97B8 /* HomeView.swift */,
				83A21DF32980B4A7005988BD /* ForYouShopLocalTabsView.swift */,
				83DED4DC297F2F4C002A4827 /* ForYouView.swift */,
				83DED4DE297F308B002A4827 /* ShopLocalView.swift */,
				8300A0042978F6E0003D2F2B /* DeliveryAddressView.swift */,
				83DED4D8297DC31D002A4827 /* CartView.swift */,
			);
			path = "Home Screen";
			sourceTree = "<group>";
		};
		83A21E0429830F28005988BD /* Onboarding Screen */ = {
			isa = PBXGroup;
			children = (
				8300A0022978C3CF003D2F2B /* OnboardingView.swift */,
				83A21E002982DBA8005988BD /* EmailSMSSignUpView.swift */,
				83366E9729E84B4A00BDA00B /* MakePasswordView.swift */,
			);
			path = "Onboarding Screen";
			sourceTree = "<group>";
		};
		83A21E0929845509005988BD /* Viewmodels */ = {
			isa = PBXGroup;
			children = (
				83E8650029F62AD900335FF8 /* AuthenticationViewModel.swift */,
				83A21E07298454EF005988BD /* RecommenedViewModel.swift */,
				83366E9529E83BFE00BDA00B /* AppStateManager.swift */,
				83CC580F29F397D10038DA36 /* SignInEmailViewModel.swift */,
			);
			path = Viewmodels;
			sourceTree = "<group>";
		};
		83A21E0C29845540005988BD /* Models */ = {
			isa = PBXGroup;
			children = (
				83E864FB29F62A5600335FF8 /* Authentication */,
				83A21E0A29845532005988BD /* RecommendedItemsModel.swift */,
				83A21E0D29845575005988BD /* LimitedTimeItemsModel.swift */,
				83E8651729F925FD00335FF8 /* HowMercariWorksCardsModel.swift */,
			);
			path = Models;
			sourceTree = "<group>";
		};
		83E864F429F52ED300335FF8 /* Profile Screen */ = {
			isa = PBXGroup;
			children = (
				83A21DFE2981B302005988BD /* ProfileView.swift */,
				83E864F529F52F1F00335FF8 /* ProfileNavigations.swift */,
				83E864F729F52F9900335FF8 /* SellerBadgeItems.swift */,
				83E864F929F5303500335FF8 /* SettingsView.swift */,
			);
			path = "Profile Screen";
			sourceTree = "<group>";
		};
		83E864FB29F62A5600335FF8 /* Authentication */ = {
			isa = PBXGroup;
			children = (
				836100BC29E99D740030F660 /* AuthenticationManager.swift */,
				83E864FC29F62A6D00335FF8 /* SignInAppleHelper.swift */,
				83E864FD29F62A6D00335FF8 /* SignInGoogleHelper.swift */,
			);
			path = Authentication;
			sourceTree = "<group>";
		};
		83E8650D29F67B4200335FF8 /* Favorites Screen */ = {
			isa = PBXGroup;
			children = (
				8300A011297B352C003D2F2B /* FavoritesView.swift */,
			);
			path = "Favorites Screen";
			sourceTree = "<group>";
		};
		83E8650E29F67B5800335FF8 /* Sell Screen */ = {
			isa = PBXGroup;
			children = (
				83A21DFA2981B2F1005988BD /* SellView.swift */,
				8344AAB9298C301A0067EE98 /* CapsuleGridView.swift */,
				83E8651329F8C41600335FF8 /* HowMercariWorksCards.swift */,
				83E8651929F9549E00335FF8 /* EarningMoneyIsEasyView.swift */,
				836100BA29E986E80030F660 /* CurveLine.swift */,
			);
			path = "Sell Screen";
			sourceTree = "<group>";
		};
		83E8650F29F67B6400335FF8 /* Inbox Screen */ = {
			isa = PBXGroup;
			children = (
				83A21DFC2981B2F9005988BD /* InboxView.swift */,
			);
			path = "Inbox Screen";
			sourceTree = "<group>";
		};
/* End PBXGroup section */

/* Begin PBXNativeTarget section */
		8373F30929762E6800CE97B8 /* MercariClone */ = {
			isa = PBXNativeTarget;
			buildConfigurationList = 8373F31829762E6A00CE97B8 /* Build configuration list for PBXNativeTarget "MercariClone" */;
			buildPhases = (
				8373F30629762E6800CE97B8 /* Sources */,
				8373F30729762E6800CE97B8 /* Frameworks */,
				8373F30829762E6800CE97B8 /* Resources */,
			);
			buildRules = (
			);
			dependencies = (
			);
			name = MercariClone;
			packageProductDependencies = (
				836100B429E8E0F70030F660 /* FirebaseAnalytics */,
				836100B629E8E0F70030F660 /* FirebaseAnalyticsSwift */,
				836100B829E8E0F70030F660 /* FirebaseAuth */,
				83E8650329F6358300335FF8 /* GoogleSignIn */,
				83E8650529F6358300335FF8 /* GoogleSignInSwift */,
			);
			productName = MercariClone;
			productReference = 8373F30A29762E6800CE97B8 /* MercariClone.app */;
			productType = "com.apple.product-type.application";
		};
/* End PBXNativeTarget section */

/* Begin PBXProject section */
		8373F30229762E6800CE97B8 /* Project object */ = {
			isa = PBXProject;
			attributes = {
				BuildIndependentTargetsInParallel = 1;
				LastSwiftUpdateCheck = 1420;
				LastUpgradeCheck = 1420;
				TargetAttributes = {
					8373F30929762E6800CE97B8 = {
						CreatedOnToolsVersion = 14.2;
					};
				};
			};
			buildConfigurationList = 8373F30529762E6800CE97B8 /* Build configuration list for PBXProject "MercariClone" */;
			compatibilityVersion = "Xcode 14.0";
			developmentRegion = en;
			hasScannedForEncodings = 0;
			knownRegions = (
				en,
				Base,
			);
			mainGroup = 8373F30129762E6800CE97B8;
			packageReferences = (
				836100B329E8E0F70030F660 /* XCRemoteSwiftPackageReference "firebase-ios-sdk" */,
				83E8650229F6358200335FF8 /* XCRemoteSwiftPackageReference "GoogleSignIn-iOS" */,
			);
			productRefGroup = 8373F30B29762E6800CE97B8 /* Products */;
			projectDirPath = "";
			projectRoot = "";
			targets = (
				8373F30929762E6800CE97B8 /* MercariClone */,
			);
		};
/* End PBXProject section */

/* Begin PBXResourcesBuildPhase section */
		8373F30829762E6800CE97B8 /* Resources */ = {
			isa = PBXResourcesBuildPhase;
			buildActionMask = 2147483647;
			files = (
				8373F31529762E6A00CE97B8 /* Preview Assets.xcassets in Resources */,
				8373F31229762E6A00CE97B8 /* Assets.xcassets in Resources */,
				83E8650C29F63FD400335FF8 /* GoogleService-Info.plist in Resources */,
			);
			runOnlyForDeploymentPostprocessing = 0;
		};
/* End PBXResourcesBuildPhase section */

/* Begin PBXSourcesBuildPhase section */
		8373F30629762E6800CE97B8 /* Sources */ = {
			isa = PBXSourcesBuildPhase;
			buildActionMask = 2147483647;
			files = (
				83E8651A29F9549E00335FF8 /* EarningMoneyIsEasyView.swift in Sources */,
				83E8650129F62AD900335FF8 /* AuthenticationViewModel.swift in Sources */,
				83E8651429F8C41600335FF8 /* HowMercariWorksCards.swift in Sources */,
				83A21E0E29845575005988BD /* LimitedTimeItemsModel.swift in Sources */,
				8373F31C29762EA400CE97B8 /* HomeView.swift in Sources */,
				83A21E012982DBA8005988BD /* EmailSMSSignUpView.swift in Sources */,
				836100BD29E99D740030F660 /* AuthenticationManager.swift in Sources */,
				83E864FF29F62A6D00335FF8 /* SignInGoogleHelper.swift in Sources */,
				8300A0032978C3CF003D2F2B /* OnboardingView.swift in Sources */,
				83E864FA29F5303500335FF8 /* SettingsView.swift in Sources */,
				83E864F829F52F9900335FF8 /* SellerBadgeItems.swift in Sources */,
				83A21E0B29845532005988BD /* RecommendedItemsModel.swift in Sources */,
				8300A00B2979C258003D2F2B /* CustomTextView.swift in Sources */,
				83DD90E52A00ADD900490586 /* ButtonStyles.swift in Sources */,
				83E864F629F52F1F00335FF8 /* ProfileNavigations.swift in Sources */,
				83EB11F22A0216C000D0F32E /* CustomTabViews.swift in Sources */,
				8344AABA298C301A0067EE98 /* CapsuleGridView.swift in Sources */,
				83DD90E129FEBE1E00490586 /* SearchBar.swift in Sources */,
				8300A012297B352C003D2F2B /* FavoritesView.swift in Sources */,
				8373F31029762E6800CE97B8 /* ContentView.swift in Sources */,
				83A21DFD2981B2F9005988BD /* InboxView.swift in Sources */,
				83A21DF42980B4A7005988BD /* ForYouShopLocalTabsView.swift in Sources */,
				83DED4D9297DC31D002A4827 /* CartView.swift in Sources */,
				83DED4DD297F2F4C002A4827 /* ForYouView.swift in Sources */,
				83EB11F02A01E41B00D0F32E /* CustomTabViewContent.swift in Sources */,
				83E864FE29F62A6D00335FF8 /* SignInAppleHelper.swift in Sources */,
				83A21E08298454EF005988BD /* RecommenedViewModel.swift in Sources */,
				83A21DF92980BBA1005988BD /* Utilities.swift in Sources */,
				83A21DFF2981B302005988BD /* ProfileView.swift in Sources */,
				8344AAB8298C1A770067EE98 /* SaleType.swift in Sources */,
				8300A00D297ADEB3003D2F2B /* SearchingView.swift in Sources */,
				83CC581029F397D10038DA36 /* SignInEmailViewModel.swift in Sources */,
				83A21DFB2981B2F1005988BD /* SellView.swift in Sources */,
				83DED4DF297F308B002A4827 /* ShopLocalView.swift in Sources */,
				8373F30E29762E6800CE97B8 /* MercariCloneApp.swift in Sources */,
				83A21E0329830EC9005988BD /* CustomNavBackButton.swift in Sources */,
				8300A0052978F6E0003D2F2B /* DeliveryAddressView.swift in Sources */,
				83366E9829E84B4A00BDA00B /* MakePasswordView.swift in Sources */,
				83366E9629E83BFE00BDA00B /* AppStateManager.swift in Sources */,
				836100BB29E986E80030F660 /* CurveLine.swift in Sources */,
				83E8651829F925FD00335FF8 /* HowMercariWorksCardsModel.swift in Sources */,
			);
			runOnlyForDeploymentPostprocessing = 0;
		};
/* End PBXSourcesBuildPhase section */

/* Begin XCBuildConfiguration section */
		8373F31629762E6A00CE97B8 /* Debug */ = {
			isa = XCBuildConfiguration;
			buildSettings = {
				ALWAYS_SEARCH_USER_PATHS = NO;
				CLANG_ANALYZER_NONNULL = YES;
				CLANG_ANALYZER_NUMBER_OBJECT_CONVERSION = YES_AGGRESSIVE;
				CLANG_CXX_LANGUAGE_STANDARD = "gnu++20";
				CLANG_ENABLE_MODULES = YES;
				CLANG_ENABLE_OBJC_ARC = YES;
				CLANG_ENABLE_OBJC_WEAK = YES;
				CLANG_WARN_BLOCK_CAPTURE_AUTORELEASING = YES;
				CLANG_WARN_BOOL_CONVERSION = YES;
				CLANG_WARN_COMMA = YES;
				CLANG_WARN_CONSTANT_CONVERSION = YES;
				CLANG_WARN_DEPRECATED_OBJC_IMPLEMENTATIONS = YES;
				CLANG_WARN_DIRECT_OBJC_ISA_USAGE = YES_ERROR;
				CLANG_WARN_DOCUMENTATION_COMMENTS = YES;
				CLANG_WARN_EMPTY_BODY = YES;
				CLANG_WARN_ENUM_CONVERSION = YES;
				CLANG_WARN_INFINITE_RECURSION = YES;
				CLANG_WARN_INT_CONVERSION = YES;
				CLANG_WARN_NON_LITERAL_NULL_CONVERSION = YES;
				CLANG_WARN_OBJC_IMPLICIT_RETAIN_SELF = YES;
				CLANG_WARN_OBJC_LITERAL_CONVERSION = YES;
				CLANG_WARN_OBJC_ROOT_CLASS = YES_ERROR;
				CLANG_WARN_QUOTED_INCLUDE_IN_FRAMEWORK_HEADER = YES;
				CLANG_WARN_RANGE_LOOP_ANALYSIS = YES;
				CLANG_WARN_STRICT_PROTOTYPES = YES;
				CLANG_WARN_SUSPICIOUS_MOVE = YES;
				CLANG_WARN_UNGUARDED_AVAILABILITY = YES_AGGRESSIVE;
				CLANG_WARN_UNREACHABLE_CODE = YES;
				CLANG_WARN__DUPLICATE_METHOD_MATCH = YES;
				COPY_PHASE_STRIP = NO;
				DEBUG_INFORMATION_FORMAT = dwarf;
				ENABLE_STRICT_OBJC_MSGSEND = YES;
				ENABLE_TESTABILITY = YES;
				GCC_C_LANGUAGE_STANDARD = gnu11;
				GCC_DYNAMIC_NO_PIC = NO;
				GCC_NO_COMMON_BLOCKS = YES;
				GCC_OPTIMIZATION_LEVEL = 0;
				GCC_PREPROCESSOR_DEFINITIONS = (
					"DEBUG=1",
					"$(inherited)",
				);
				GCC_WARN_64_TO_32_BIT_CONVERSION = YES;
				GCC_WARN_ABOUT_RETURN_TYPE = YES_ERROR;
				GCC_WARN_UNDECLARED_SELECTOR = YES;
				GCC_WARN_UNINITIALIZED_AUTOS = YES_AGGRESSIVE;
				GCC_WARN_UNUSED_FUNCTION = YES;
				GCC_WARN_UNUSED_VARIABLE = YES;
				IPHONEOS_DEPLOYMENT_TARGET = 16.2;
				MTL_ENABLE_DEBUG_INFO = INCLUDE_SOURCE;
				MTL_FAST_MATH = YES;
				ONLY_ACTIVE_ARCH = YES;
				SDKROOT = iphoneos;
				SWIFT_ACTIVE_COMPILATION_CONDITIONS = DEBUG;
				SWIFT_OPTIMIZATION_LEVEL = "-Onone";
			};
			name = Debug;
		};
		8373F31729762E6A00CE97B8 /* Release */ = {
			isa = XCBuildConfiguration;
			buildSettings = {
				ALWAYS_SEARCH_USER_PATHS = NO;
				CLANG_ANALYZER_NONNULL = YES;
				CLANG_ANALYZER_NUMBER_OBJECT_CONVERSION = YES_AGGRESSIVE;
				CLANG_CXX_LANGUAGE_STANDARD = "gnu++20";
				CLANG_ENABLE_MODULES = YES;
				CLANG_ENABLE_OBJC_ARC = YES;
				CLANG_ENABLE_OBJC_WEAK = YES;
				CLANG_WARN_BLOCK_CAPTURE_AUTORELEASING = YES;
				CLANG_WARN_BOOL_CONVERSION = YES;
				CLANG_WARN_COMMA = YES;
				CLANG_WARN_CONSTANT_CONVERSION = YES;
				CLANG_WARN_DEPRECATED_OBJC_IMPLEMENTATIONS = YES;
				CLANG_WARN_DIRECT_OBJC_ISA_USAGE = YES_ERROR;
				CLANG_WARN_DOCUMENTATION_COMMENTS = YES;
				CLANG_WARN_EMPTY_BODY = YES;
				CLANG_WARN_ENUM_CONVERSION = YES;
				CLANG_WARN_INFINITE_RECURSION = YES;
				CLANG_WARN_INT_CONVERSION = YES;
				CLANG_WARN_NON_LITERAL_NULL_CONVERSION = YES;
				CLANG_WARN_OBJC_IMPLICIT_RETAIN_SELF = YES;
				CLANG_WARN_OBJC_LITERAL_CONVERSION = YES;
				CLANG_WARN_OBJC_ROOT_CLASS = YES_ERROR;
				CLANG_WARN_QUOTED_INCLUDE_IN_FRAMEWORK_HEADER = YES;
				CLANG_WARN_RANGE_LOOP_ANALYSIS = YES;
				CLANG_WARN_STRICT_PROTOTYPES = YES;
				CLANG_WARN_SUSPICIOUS_MOVE = YES;
				CLANG_WARN_UNGUARDED_AVAILABILITY = YES_AGGRESSIVE;
				CLANG_WARN_UNREACHABLE_CODE = YES;
				CLANG_WARN__DUPLICATE_METHOD_MATCH = YES;
				COPY_PHASE_STRIP = NO;
				DEBUG_INFORMATION_FORMAT = "dwarf-with-dsym";
				ENABLE_NS_ASSERTIONS = NO;
				ENABLE_STRICT_OBJC_MSGSEND = YES;
				GCC_C_LANGUAGE_STANDARD = gnu11;
				GCC_NO_COMMON_BLOCKS = YES;
				GCC_WARN_64_TO_32_BIT_CONVERSION = YES;
				GCC_WARN_ABOUT_RETURN_TYPE = YES_ERROR;
				GCC_WARN_UNDECLARED_SELECTOR = YES;
				GCC_WARN_UNINITIALIZED_AUTOS = YES_AGGRESSIVE;
				GCC_WARN_UNUSED_FUNCTION = YES;
				GCC_WARN_UNUSED_VARIABLE = YES;
				IPHONEOS_DEPLOYMENT_TARGET = 16.2;
				MTL_ENABLE_DEBUG_INFO = NO;
				MTL_FAST_MATH = YES;
				SDKROOT = iphoneos;
				SWIFT_COMPILATION_MODE = wholemodule;
				SWIFT_OPTIMIZATION_LEVEL = "-O";
				VALIDATE_PRODUCT = YES;
			};
			name = Release;
		};
		8373F31929762E6A00CE97B8 /* Debug */ = {
			isa = XCBuildConfiguration;
			buildSettings = {
				ASSETCATALOG_COMPILER_APPICON_NAME = AppIcon;
				ASSETCATALOG_COMPILER_GLOBAL_ACCENT_COLOR_NAME = AccentColor;
				CODE_SIGN_ENTITLEMENTS = MercariClone/MercariClone.entitlements;
				CODE_SIGN_STYLE = Automatic;
				CURRENT_PROJECT_VERSION = 1;
				DEVELOPMENT_ASSET_PATHS = "\"MercariClone/Preview Content\"";
				DEVELOPMENT_TEAM = QNXV57SQKM;
				ENABLE_PREVIEWS = YES;
				GENERATE_INFOPLIST_FILE = YES;
				INFOPLIST_FILE = MercariClone/Info.plist;
				INFOPLIST_KEY_UIApplicationSceneManifest_Generation = YES;
				INFOPLIST_KEY_UIApplicationSupportsIndirectInputEvents = YES;
				INFOPLIST_KEY_UILaunchScreen_Generation = YES;
				INFOPLIST_KEY_UISupportedInterfaceOrientations_iPad = "UIInterfaceOrientationPortrait UIInterfaceOrientationPortraitUpsideDown UIInterfaceOrientationLandscapeLeft UIInterfaceOrientationLandscapeRight";
				INFOPLIST_KEY_UISupportedInterfaceOrientations_iPhone = "UIInterfaceOrientationPortrait UIInterfaceOrientationLandscapeLeft UIInterfaceOrientationLandscapeRight";
				LD_RUNPATH_SEARCH_PATHS = (
					"$(inherited)",
					"@executable_path/Frameworks",
				);
				MARKETING_VERSION = 1.0;
				PRODUCT_BUNDLE_IDENTIFIER = com.sannideveloper.MercariClone;
				PRODUCT_NAME = "$(TARGET_NAME)";
				SWIFT_EMIT_LOC_STRINGS = YES;
				SWIFT_VERSION = 5.0;
				TARGETED_DEVICE_FAMILY = "1,2";
			};
			name = Debug;
		};
		8373F31A29762E6A00CE97B8 /* Release */ = {
			isa = XCBuildConfiguration;
			buildSettings = {
				ASSETCATALOG_COMPILER_APPICON_NAME = AppIcon;
				ASSETCATALOG_COMPILER_GLOBAL_ACCENT_COLOR_NAME = AccentColor;
				CODE_SIGN_ENTITLEMENTS = MercariClone/MercariClone.entitlements;
				CODE_SIGN_STYLE = Automatic;
				CURRENT_PROJECT_VERSION = 1;
				DEVELOPMENT_ASSET_PATHS = "\"MercariClone/Preview Content\"";
				DEVELOPMENT_TEAM = QNXV57SQKM;
				ENABLE_PREVIEWS = YES;
				GENERATE_INFOPLIST_FILE = YES;
				INFOPLIST_FILE = MercariClone/Info.plist;
				INFOPLIST_KEY_UIApplicationSceneManifest_Generation = YES;
				INFOPLIST_KEY_UIApplicationSupportsIndirectInputEvents = YES;
				INFOPLIST_KEY_UILaunchScreen_Generation = YES;
				INFOPLIST_KEY_UISupportedInterfaceOrientations_iPad = "UIInterfaceOrientationPortrait UIInterfaceOrientationPortraitUpsideDown UIInterfaceOrientationLandscapeLeft UIInterfaceOrientationLandscapeRight";
				INFOPLIST_KEY_UISupportedInterfaceOrientations_iPhone = "UIInterfaceOrientationPortrait UIInterfaceOrientationLandscapeLeft UIInterfaceOrientationLandscapeRight";
				LD_RUNPATH_SEARCH_PATHS = (
					"$(inherited)",
					"@executable_path/Frameworks",
				);
				MARKETING_VERSION = 1.0;
				PRODUCT_BUNDLE_IDENTIFIER = com.sannideveloper.MercariClone;
				PRODUCT_NAME = "$(TARGET_NAME)";
				SWIFT_EMIT_LOC_STRINGS = YES;
				SWIFT_VERSION = 5.0;
				TARGETED_DEVICE_FAMILY = "1,2";
			};
			name = Release;
		};
/* End XCBuildConfiguration section */

/* Begin XCConfigurationList section */
		8373F30529762E6800CE97B8 /* Build configuration list for PBXProject "MercariClone" */ = {
			isa = XCConfigurationList;
			buildConfigurations = (
				8373F31629762E6A00CE97B8 /* Debug */,
				8373F31729762E6A00CE97B8 /* Release */,
			);
			defaultConfigurationIsVisible = 0;
			defaultConfigurationName = Release;
		};
		8373F31829762E6A00CE97B8 /* Build configuration list for PBXNativeTarget "MercariClone" */ = {
			isa = XCConfigurationList;
			buildConfigurations = (
				8373F31929762E6A00CE97B8 /* Debug */,
				8373F31A29762E6A00CE97B8 /* Release */,
			);
			defaultConfigurationIsVisible = 0;
			defaultConfigurationName = Release;
		};
/* End XCConfigurationList section */

/* Begin XCRemoteSwiftPackageReference section */
		836100B329E8E0F70030F660 /* XCRemoteSwiftPackageReference "firebase-ios-sdk" */ = {
			isa = XCRemoteSwiftPackageReference;
			repositoryURL = "https://github.com/firebase/firebase-ios-sdk";
			requirement = {
				kind = upToNextMajorVersion;
				minimumVersion = 10.0.0;
			};
		};
		83E8650229F6358200335FF8 /* XCRemoteSwiftPackageReference "GoogleSignIn-iOS" */ = {
			isa = XCRemoteSwiftPackageReference;
			repositoryURL = "https://github.com/google/GoogleSignIn-iOS";
			requirement = {
				kind = upToNextMajorVersion;
				minimumVersion = 7.0.0;
			};
		};
/* End XCRemoteSwiftPackageReference section */

/* Begin XCSwiftPackageProductDependency section */
		836100B429E8E0F70030F660 /* FirebaseAnalytics */ = {
			isa = XCSwiftPackageProductDependency;
			package = 836100B329E8E0F70030F660 /* XCRemoteSwiftPackageReference "firebase-ios-sdk" */;
			productName = FirebaseAnalytics;
		};
		836100B629E8E0F70030F660 /* FirebaseAnalyticsSwift */ = {
			isa = XCSwiftPackageProductDependency;
			package = 836100B329E8E0F70030F660 /* XCRemoteSwiftPackageReference "firebase-ios-sdk" */;
			productName = FirebaseAnalyticsSwift;
		};
		836100B829E8E0F70030F660 /* FirebaseAuth */ = {
			isa = XCSwiftPackageProductDependency;
			package = 836100B329E8E0F70030F660 /* XCRemoteSwiftPackageReference "firebase-ios-sdk" */;
			productName = FirebaseAuth;
		};
		83E8650329F6358300335FF8 /* GoogleSignIn */ = {
			isa = XCSwiftPackageProductDependency;
			package = 83E8650229F6358200335FF8 /* XCRemoteSwiftPackageReference "GoogleSignIn-iOS" */;
			productName = GoogleSignIn;
		};
		83E8650529F6358300335FF8 /* GoogleSignInSwift */ = {
			isa = XCSwiftPackageProductDependency;
			package = 83E8650229F6358200335FF8 /* XCRemoteSwiftPackageReference "GoogleSignIn-iOS" */;
			productName = GoogleSignInSwift;
		};
/* End XCSwiftPackageProductDependency section */
	};
	rootObject = 8373F30229762E6800CE97B8 /* Project object */;
}
